
Microsoft Visual Studio Solution File, Format Version 12.00
# Visual Studio Version 17
VisualStudioVersion = 17.12.35728.132
MinimumVisualStudioVersion = 10.0.40219.1
Project("{FAE04EC0-301F-11D3-BF4B-00C04F79EFBC}") = "Lesson2", "Lesson2\Lesson2.csproj", "{70F35B4A-31CC-44BB-857B-F40FAE629873}"
EndProject
Project("{FAE04EC0-301F-11D3-BF4B-00C04F79EFBC}") = "Lesson3", "Lesson3\Lesson3.csproj", "{D17288B1-ED0E-4C6A-8826-AD1E3EFA620D}"
EndProject
Project("{FAE04EC0-301F-11D3-BF4B-00C04F79EFBC}") = "Lesson4", "Lesson4\Lesson4.csproj", "{B0F65353-9617-4A7D-975C-941095A988E1}"
EndProject
Project("{FAE04EC0-301F-11D3-BF4B-00C04F79EFBC}") = "Lesson5", "Lesson5\Lesson5.csproj", "{A1463270-AE0E-40A0-9511-A51768B435FB}"
EndProject
Project("{FAE04EC0-301F-11D3-BF4B-00C04F79EFBC}") = "Lesson6", "Lesson6\Lesson6.csproj", "{0E2D9EDE-29ED-4A2D-930D-B4DB0FB4D4AF}"
EndProject
Global
	GlobalSection(SolutionConfigurationPlatforms) = preSolution
		Debug|Any CPU = Debug|Any CPU
		Release|Any CPU = Release|Any CPU
	EndGlobalSection
	GlobalSection(ProjectConfigurationPlatforms) = postSolution
		{70F35B4A-31CC-44BB-857B-F40FAE629873}.Debug|Any CPU.ActiveCfg = Debug|Any CPU
		{70F35B4A-31CC-44BB-857B-F40FAE629873}.Debug|Any CPU.Build.0 = Debug|Any CPU
		{70F35B4A-31CC-44BB-857B-F40FAE629873}.Release|Any CPU.ActiveCfg = Release|Any CPU
		{70F35B4A-31CC-44BB-857B-F40FAE629873}.Release|Any CPU.Build.0 = Release|Any CPU
		{D17288B1-ED0E-4C6A-8826-AD1E3EFA620D}.Debug|Any CPU.ActiveCfg = Debug|Any CPU
		{D17288B1-ED0E-4C6A-8826-AD1E3EFA620D}.Debug|Any CPU.Build.0 = Debug|Any CPU
		{D17288B1-ED0E-4C6A-8826-AD1E3EFA620D}.Release|Any CPU.ActiveCfg = Release|Any CPU
		{D17288B1-ED0E-4C6A-8826-AD1E3EFA620D}.Release|Any CPU.Build.0 = Release|Any CPU
		{B0F65353-9617-4A7D-975C-941095A988E1}.Debug|Any CPU.ActiveCfg = Debug|Any CPU
		{B0F65353-9617-4A7D-975C-941095A988E1}.Debug|Any CPU.Build.0 = Debug|Any CPU
		{B0F65353-9617-4A7D-975C-941095A988E1}.Release|Any CPU.ActiveCfg = Release|Any CPU
		{B0F65353-9617-4A7D-975C-941095A988E1}.Release|Any CPU.Build.0 = Release|Any CPU
		{A1463270-AE0E-40A0-9511-A51768B435FB}.Debug|Any CPU.ActiveCfg = Debug|Any CPU
		{A1463270-AE0E-40A0-9511-A51768B435FB}.Debug|Any CPU.Build.0 = Debug|Any CPU
		{A1463270-AE0E-40A0-9511-A51768B435FB}.Release|Any CPU.ActiveCfg = Release|Any CPU
		{A1463270-AE0E-40A0-9511-A51768B435FB}.Release|Any CPU.Build.0 = Release|Any CPU
		{0E2D9EDE-29ED-4A2D-930D-B4DB0FB4D4AF}.Debug|Any CPU.ActiveCfg = Debug|Any CPU
		{0E2D9EDE-29ED-4A2D-930D-B4DB0FB4D4AF}.Debug|Any CPU.Build.0 = Debug|Any CPU
		{0E2D9EDE-29ED-4A2D-930D-B4DB0FB4D4AF}.Release|Any CPU.ActiveCfg = Release|Any CPU
		{0E2D9EDE-29ED-4A2D-930D-B4DB0FB4D4AF}.Release|Any CPU.Build.0 = Release|Any CPU
	EndGlobalSection
	GlobalSection(SolutionProperties) = preSolution
		HideSolutionNode = FALSE
	EndGlobalSection
EndGlobal
